Microsoft Visual Studio Solution File, Format Version 11.00
# Visual Studio 2008

Project("{9449C166-56E8-CAB9-DF7D-B70E58A48CD5}") = "King of America", "Assembly-CSharp.csproj", "{6263B89E-3D91-7A5F-9E9B-F65A62EB90A9}"
EndProject
Global
	GlobalSection(SolutionConfigurationPlatforms) = preSolution
		Debug|Any CPU = Debug|Any CPU
		Release|Any CPU = Release|Any CPU
	EndGlobalSection
	GlobalSection(ProjectConfigurationPlatforms) = postSolution
		{6263B89E-3D91-7A5F-9E9B-F65A62EB90A9}.Debug|Any CPU.ActiveCfg = Debug|Any CPU
		{6263B89E-3D91-7A5F-9E9B-F65A62EB90A9}.Debug|Any CPU.Build.0 = Debug|Any CPU
		{6263B89E-3D91-7A5F-9E9B-F65A62EB90A9}.Release|Any CPU.ActiveCfg = Release|Any CPU
		{6263B89E-3D91-7A5F-9E9B-F65A62EB90A9}.Release|Any CPU.Build.0 = Release|Any CPU
	EndGlobalSection
	GlobalSection(SolutionProperties) = preSolution
		HideSolutionNode = FALSE
	EndGlobalSection
	GlobalSection(MonoDevelopProperties) = preSolution
		StartupItem = Assembly-CSharp.csproj
	EndGlobalSection
EndGlobal
